<?xml version="1.0" encoding="utf-8"?>
<Project ToolsVersion="4.0" xmlns="http://schemas.microsoft.com/developer/msbuild/2003">
  <ItemGroup>
    <Filter Include="Source Files">
      <UniqueIdentifier>{4FC737F1-C7A5-4376-A066-2A32D752A2FF}</UniqueIdentifier>
      <Extensions>cpp;c;cc;cxx;c++;cppm;ixx;def;odl;idl;hpj;bat;asm;asmx</Extensions>
    </Filter>
    <Filter Include="Header Files">
      <UniqueIdentifier>{93995380-89BD-4b04-88EB-625FBE52EBFB}</UniqueIdentifier>
      <Extensions>h;hh;hpp;hxx;h++;hm;inl;inc;ipp;xsd</Extensions>
    </Filter>
    <Filter Include="Resource Files">
      <UniqueIdentifier>{67DA6AB6-F800-4c08-8B7A-83BB121AAD01}</UniqueIdentifier>
      <Extensions>rc;ico;cur;bmp;dlg;rc2;rct;bin;rgs;gif;jpg;jpeg;jpe;resx;tiff;tif;png;wav;mfcribbon-ms</Extensions>
    </Filter>
  </ItemGroup>
  <ItemGroup>
    <ClCompile Include="QKP_2.cpp">
      <Filter>Source Files</Filter>
    </ClCompile>
    <ClCompile Include="QKP.cpp">
      <Filter>Source Files</Filter>
    </ClCompile>
    <ClCompile Include="Prime_Generator.cpp">
      <Filter>Source Files</Filter>
    </ClCompile>
    <ClCompile Include="AddRev.cpp">
      <Filter>Source Files</Filter>
    </ClCompile>
    <ClCompile Include="Sum_Of_Product.cpp">
      <Filter>Source Files</Filter>
    </ClCompile>
    <ClCompile Include="Count_The_Pairs.cpp">
      <Filter>Source Files</Filter>
    </ClCompile>
    <ClCompile Include="Number_Steps.cpp">
      <Filter>Source Files</Filter>
    </ClCompile>
    <ClCompile Include="Source.cpp">
      <Filter>Source Files</Filter>
    </ClCompile>
    <ClCompile Include="Count_On_Cantor.cpp">
      <Filter>Source Files</Filter>
    </ClCompile>
    <ClCompile Include="Divisibility.cpp">
      <Filter>Source Files</Filter>
    </ClCompile>
    <ClCompile Include="Source1.cpp">
      <Filter>Source Files</Filter>
    </ClCompile>
    <ClCompile Include="To_And_Fro.cpp">
      <Filter>Source Files</Filter>
    </ClCompile>
    <ClCompile Include="Max_Zone.cpp">
      <Filter>Source Files</Filter>
    </ClCompile>
    <ClCompile Include="Pacman.cpp">
      <Filter>Source Files</Filter>
    </ClCompile>
    <ClCompile Include="Decision_Tree.cpp">
      <Filter>Source Files</Filter>
    </ClCompile>
    <ClCompile Include="Mario.cpp">
      <Filter>Source Files</Filter>
    </ClCompile>
    <ClCompile Include="Queue.cpp">
      <Filter>Source Files</Filter>
    </ClCompile>
    <ClCompile Include="Numbers.cpp">
      <Filter>Source Files</Filter>
    </ClCompile>
    <ClCompile Include="Lined_Up.cpp">
      <Filter>Source Files</Filter>
    </ClCompile>
    <ClCompile Include="Plank.cpp">
      <Filter>Source Files</Filter>
    </ClCompile>
    <ClCompile Include="Sequence_Queries.cpp">
      <Filter>Source Files</Filter>
    </ClCompile>
    <ClCompile Include="Rotation.cpp">
      <Filter>Source Files</Filter>
    </ClCompile>
    <ClCompile Include="LuckyLuke_Steps.cpp">
      <Filter>Source Files</Filter>
    </ClCompile>
    <ClCompile Include="Dev_Stone.cpp">
      <Filter>Source Files</Filter>
    </ClCompile>
    <ClCompile Include="QTBIT.cpp">
      <Filter>Source Files</Filter>
    </ClCompile>
    <ClCompile Include="Cows_Queue.cpp">
      <Filter>Source Files</Filter>
    </ClCompile>
    <ClCompile Include="Area.cpp">
      <Filter>Source Files</Filter>
    </ClCompile>
    <ClCompile Include="Tele_System.cpp">
      <Filter>Source Files</Filter>
    </ClCompile>
    <ClCompile Include="Robot2.cpp">
      <Filter>Source Files</Filter>
    </ClCompile>
  </ItemGroup>
  <ItemGroup>
    <Text Include="input.txt">
      <Filter>Source Files</Filter>
    </Text>
  </ItemGroup>
</Project>